version = 1
revision = 3
requires-python = ">=3.13"

[[package]]
name = "andy-django-boilerplate"
version = "0.1.0"
source = { editable = "." }
dependencies = [
    { name = "asgiref" },
    { name = "django" },
    { name = "django-debug-toolbar" },
    { name = "environs", extra = ["django"] },
    { name = "psycopg2-binary" },
    { name = "sqlparse" },
    { name = "typing-extensions" },
]

[package.optional-dependencies]
dev = [
    { name = "ruff" },
]

[package.metadata]
requires-dist = [
    { name = "asgiref", specifier = "==3.12.1" },
    { name = "django", specifier = "==5.1.7" },
    { name = "django-debug-toolbar", specifier = "==6.3.0" },
    { name = "environs", extras = ["django"], specifier = "==15.2.0" },
    { name = "psycopg2-binary", specifier = "==2.9.13" },
    { name = "ruff", marker = "extra == 'dev'", specifier = "==0.16.6" },
    { name = "sqlparse", specifier = "==0.6.0" },
    { name = "typing-extensions", specifier = "==4.16.0" },
]
provides-extras = ["dev"]

[[package]]
name = "asgiref"
version = "3.12.1"
source = { registry = "https://pypi.org/simple" }
sdist = { url = "https://files.pythonhosted.org/packages/e6/26/3b59f2bdae5f640389becb1f673cded775287f5fc4f816309d9ca9a3f93d/asgiref-3.12.1.tar.gz", hash = "sha256:59dcb51c272ad209d59bed5708a64a333083e86017d7fcdd67498eeab7784340", size = 42378, upload-time = "2026-07-14T09:56:18.087Z" }
wheels = [
    { url = "https://files.pythonhosted.org/packages/c0/1b/54f4ad77cd8a584fa70746c47df988e002cf1ee1eba43364d46f87803647/asgiref-3.12.1-py3-none-any.whl", hash = "sha256:fe386d1c2bff7259ea95929266d12a8cf9a8b5a1c2598402967d8792e7a7c094", size = 25478, upload-time = "2026-07-14T09:56:16.926Z" },
]

[[package]]
name = "dj-database-url"
version = "3.0.1"
source = { registry = "https://pypi.org/simple" }
dependencies = [
    { name = "django" },
]
sdist = { url = "https://files.pythonhosted.org/packages/75/05/2ec51009f4ce424877dbd8ad95868faec0c3494ed0ff1635f9ab53d9e0ee/dj_database_url-3.0.1.tar.gz", hash = "sha256:8994961efb888fc6bf8c41550870c91f6f7691ca751888ebaa71442b7f84eff8", size = 12556, upload-time = "2025-07-02T09:40:11.424Z" }
wheels = [
    { url = "https://files.pythonhosted.org/packages/aa/5e/86a43c6fdaa41c12d58e4ff3ebbfd6b71a7cb0360a08614e3754ef2e9afb/dj_database_url-3.0.1-py3-none-any.whl", hash = "sha256:43950018e1eeea486bf11136384aec0fe55b29fe6fd8a44553231b85661d9383", size = 8808, upload-time = "2025-07-02T09:40:26.326Z" },
]

[[package]]
name = "dj-email-url"
version = "1.0.6"
source = { registry = "https://pypi.org/simple" }
sdist = { url = "https://files.pythonhosted.org/packages/14/ef/8eb478accd9b0369d46a98d1b43027ee0c254096149265c78e6b2e2fa3b0/dj-email-url-1.0.6.tar.gz", hash = "sha256:55ffe3329e48f54f8a75aa36ece08f365e09d61f8a209773ef09a1d4760e699a", size = 15590, upload-time = "2022-09-24T11:04:50.281Z" }
wheels = [
    { url = "https://files.pythonhosted.org/packages/8a/f9/fcb9745099d821f9a26092d3d6f4df8f10049885045c3a93ff726d2e40a6/dj_email_url-1.0.6-py2.py3-none-any.whl", hash = "sha256:cbd08327fbb08b104eac160fb4703f375532e4c0243eb230f5b960daee7a96db", size = 6296, upload-time = "2022-09-24T11:04:47.191Z" },
]

[[package]]
name = "django"
version = "5.1.7"
source = { registry = "https://pypi.org/simple" }
dependencies = [
    { name = "asgiref" },
    { name = "sqlparse" },
    { name = "tzdata", marker = "sys_platform == 'win32'" },
]
sdist = { url = "https://files.pythonhosted.org/packages/5f/57/11186e493ddc5a5e92cc7924a6363f7d4c2b645f7d7cb04a26a63f9bfb8b/Django-5.1.7.tar.gz", hash = "sha256:30de4ee43a98e5d3da36a9002f287ff400b43ca51791920bfb35f6917bfe041c", size = 10716510, upload-time = "2025-03-06T12:52:18.938Z" }
wheels = [
    { url = "https://files.pythonhosted.org/packages/ba/0f/7e042df3d462d39ae01b27a09ee76653692442bc3701fbfa6cb38e12889d/Django-5.1.7-py3-none-any.whl", hash = "sha256:1323617cb624add820cb9611cdcc788312d250824f92ca6048fda8625514af2b", size = 8276912, upload-time = "2025-03-06T12:52:12.784Z" },
]

[[package]]
name = "django-cache-url"
version = "3.4.5"
source = { registry = "https://pypi.org/simple" }
sdist = { url = "https://files.pythonhosted.org/packages/20/28/d420aaa89028d2ec0cf17c1510d06ff6a8ed0bf1abfb7f33c999e1c5befa/django-cache-url-3.4.5.tar.gz", hash = "sha256:eb9fb194717524348c95cad9905b70b647452741c1d9e481fac6d2125f0ad917", size = 7230, upload-time = "2023-12-04T17:19:46.21Z" }
wheels = [
    { url = "https://files.pythonhosted.org/packages/48/90/01755e4a42558b763f7021e9369aa6aa94c2ede7313deed56cb7483834ab/django_cache_url-3.4.5-py2.py3-none-any.whl", hash = "sha256:5f350759978483ab85dc0e3e17b3d53eed3394a28148f6bf0f53d11d0feb5b3c", size = 4760, upload-time = "2023-12-04T17:19:44.355Z" },
]

[[package]]
name = "django-debug-toolbar"
version = "6.3.0"
source = { registry = "https://pypi.org/simple" }
dependencies = [
    { name = "django" },
    { name = "sqlparse" },
]
sdist = { url = "https://files.pythonhosted.org/packages/d8/ea/b62673424dd72d2dbf5adf4145281a421d5792f47380d9bc8e3b11e1a769/django_debug_toolbar-6.3.0.tar.gz", hash = "sha256:f830a86fe02e17f625a22cfbed24a5bd1500762e201ec959c50efb0f9327282b", size = 334079, upload-time = "2026-04-02T16:07:01.385Z" }
wheels = [
    { url = "https://files.pythonhosted.org/packages/7d/9e/d8c3c845f4b5ccac7377c19f4049e7e00c6f121846a81f69a497b45734df/django_debug_toolbar-6.3.0-py3-none-any.whl", hash = "sha256:a199ce3d0f884739a9096835ad417479fede05f3b3c4824bc8b354721ba8f629", size = 298304, upload-time = "2026-04-02T16:06:59.617Z" },
]

[[package]]
name = "environs"
version = "15.2.0"
source = { registry = "https://pypi.org/simple" }
dependencies = [
    { name = "marshmallow" },
    { name = "python-dotenv" },
]
sdist = { url = "https://files.pythonhosted.org/packages/94/1d/eaf85ea68976560b74eb2449baf43b5ec020db4960e56b1143b83703524f/environs-15.2.0.tar.gz", hash = "sha256:1bfc0d32b43692f28a6e294ad2b69903d43a214672ebcf3124a66d66b52b2418", size = 36816, upload-time = "2026-08-29T19:38:57.49Z" }
wheels = [
    { url = "https://files.pythonhosted.org/packages/7f/0e/47b55c623e8062fc64c16306ed7fde823e992452953a395220d209b7a208/environs-15.2.0-py3-none-any.whl", hash = "sha256:3e460fda6b3c29ebf9add476f55f4977018d00071cac1a62f4399e35b8d28c7a", size = 17393, upload-time = "2026-08-29T19:38:56.39Z" },
]

[package.optional-dependencies]
django = [
    { name = "dj-database-url" },
    { name = "dj-email-url" },
    { name = "django-cache-url" },
]

[[package]]
name = "marshmallow"
version = "4.1.2"
source = { registry = "https://pypi.org/simple" }
sdist = { url = "https://files.pythonhosted.org/packages/e9/e1/5edfd1edf05d3cc98415b0810ca45fa19d7dee6def0d0ec639eb4eb14e20/marshmallow-4.1.2.tar.gz", hash = "sha256:083f250643d2e75fd363f256aeb6b1af369a7513ad37647ce4a601f6966e3ba5", size = 220974, upload-time = "2025-12-22T06:16:35.283Z" }
wheels = [
    { url = "https://files.pythonhosted.org/packages/af/b6/66d1748fb45453e337c8a334dafed7b818e72ac9cf9d105a56e0cf21865f/marshmallow-4.1.2-py3-none-any.whl", hash = "sha256:a8cfa18bd8d0e5f7339e734edf84815fe8db1bdb57358c7ccc05472b746eeadc", size = 48360, upload-time = "2025-12-22T06:16:33.994Z" },
]

[[package]]
name = "psycopg2-binary"
version = "2.9.13"
source = { registry = "https://pypi.org/simple" }
sdist = { url = "https://files.pythonhosted.org/packages/ed/76/7b4383014be0fcc6c1c0e24292845a14e1672cf17fca62ca0a2bd5f4563d/psycopg2_binary-2.9.13.tar.gz", hash = "sha256:e324ecf60f952d21dd11413b8bbed0951bbd99579a06fd06f28bfc37737cd373", size = 378112, upload-time = "2026-09-10T00:06:12.199Z" }
wheels = [
    { url = "https://files.pythonhosted.org/packages/82/0a/795f2869788373cf7d08410341a444196e8ccebbac07a70a8f9a1f60e72f/psycopg2_binary-2.9.13-cp313-cp313-macosx_10_13_x86_64.whl", hash = "sha256:4d66bfd44a46eb88cff0287929a4193fb45166b6c1f84bb1b233cc17ece0813c", size = 3725723, upload-time = "2026-09-09T23:55:15.887Z" },
    { url = "https://files.pythonhosted.org/packages/b5/63/5a9633f4563a73beba69b20a846ddd14c1c6ac072f5e8aab0da97ffabc2a/psycopg2_binary-2.9.13-cp313-cp313-macosx_11_0_arm64.whl", hash = "sha256:f818161d2302b3b3e9c75d5a1d0a5c5679e92e45cfec6432b9d5432dde5ff1f1", size = 3817976, upload-time = "2026-09-09T23:55:18.025Z" },
    { url = "https://files.pythonhosted.org/packages/6c/e2/b2e3b3a4331dc8b58e328cda30f3d0cc43a94b7aaf0c8383efd53dd10e95/psycopg2_binary-2.9.13-cp313-cp313-manylinux2014_ppc64le.manylinux_2_17_ppc64le.whl", hash = "sha256:31db6cba66df5231dfd91d9f69188bec3fe6c8baae384e93a0ce792067ee2d98", size = 4585813, upload-time = "2026-09-09T23:55:20.112Z" },
    { url = "https://files.pythonhosted.org/packages/56/5c/87daea77c4132114d1a5da3a4928dd59446c3b3cc73d288cae08cf0b91a6/psycopg2_binary-2.9.13-cp313-cp313-manylinux2014_x86_64.manylinux_2_17_x86_64.whl", hash = "sha256:f04ada42bcd537adbaf8b7f3140237a204e452a88d0c1831cfce69f7d2e59f4e", size = 4282438, upload-time = "2026-09-09T23:55:22.329Z" },
    { url = "https://files.pythonhosted.org/packages/91/e5/56f9efdc9337acbd1a75798d97163183b63a1babc17602f7163009506c96/psycopg2_binary-2.9.13-cp313-cp313-manylinux_2_27_aarch64.manylinux_2_28_aarch64.whl", hash = "sha256:aa37089795bd9701576edc2eb5849ce77a439eda9dfdfa47857449332cfa5292", size = 5902064, upload-time = "2026-09-09T23:55:24.37Z" },
    { url = "https://files.pythonhosted.org/packages/e4/15/f7ed0b90b47b73a9087306b42267eccfd919f92c0fb057e46bd2fa2efa4d/psycopg2_binary-2.9.13-cp313-cp313-manylinux_2_38_riscv64.manylinux_2_39_riscv64.whl", hash = "sha256:41c2eb569ebd0e1b02d30d361a46932923b193fe1b5e641fb4d547c75e218955", size = 4119848, upload-time = "2026-09-09T23:55:26.433Z" },
    { url = "https://files.pythonhosted.org/packages/42/08/3091347b9fc5766e979aba6b0756ad14ce867a6bb245f3d69ac71fb768c6/psycopg2_binary-2.9.13-cp313-cp313-musllinux_1_2_aarch64.whl", hash = "sha256:3f699a5225094a5c61402984e2fc1eca20e940223e76767c88189efb0c313f69", size = 3661129, upload-time = "2026-09-09T23:55:28.449Z" },
    { url = "https://files.pythonhosted.org/packages/34/c4/4f9a84d55484c9794b364548eb6e1fe10a57f123afd19729e5a1cc8ad7fc/psycopg2_binary-2.9.13-cp313-cp313-musllinux_1_2_ppc64le.whl", hash = "sha256:5f04ae99c9fbb94c3197ec88599ed7db921f6adcddfe83687a74c7ead4037c22", size = 3307262, upload-time = "2026-09-09T23:55:30.384Z" },
    { url = "https://files.pythonhosted.org/packages/83/42/6eba8306a61dc890805ae475a9e71790a1c5461ccacbd4f0a1f3f57b40f0/psycopg2_binary-2.9.13-cp313-cp313-musllinux_1_2_riscv64.whl", hash = "sha256:81404c37e0344ebcf10aac127d33d35137e5dbab1daf9f3deee46188fd5879c2", size = 3052898, upload-time = "2026-09-09T23:55:32.961Z" },
    { url = "https://files.pythonhosted.org/packages/b3/5d/42a8935ab280e8dcd7c07a655c0c3d25d62e9e242be1961ac14630f1294a/psycopg2_binary-2.9.13-cp313-cp313-musllinux_1_2_x86_64.whl", hash = "sha256:feb7b1856f6ca805cc0e08739858f6cdfed8ce903390126af30343c62899a389", size = 3355265, upload-time = "2026-09-09T23:55:35.071Z" },
    { url = "https://files.pythonhosted.org/packages/87/c2/0e0ffb4caeb651631cbc6c8ead83e2a16457750b1d2eb7f5ef111c1f4d36/psycopg2_binary-2.9.13-cp313-cp313-win_amd64.whl", hash = "sha256:691da68ae5dd7c3ac77514357d35ece7b1ba8b5f3e6c92735198aa6159c355c8", size = 2767914, upload-time = "2026-09-09T23:55:37.14Z" },
    { url = "https://files.pythonhosted.org/packages/5f/32/897c074cb99fbdda7d34b0a2546097a59162bb3d04c0d546ae4ec82345e3/psycopg2_binary-2.9.13-cp314-cp314-macosx_10_15_x86_64.whl", hash = "sha256:2ca263643ae37998ae04d18e431df34d0d61f12b47640dab585f14b6dbe00798", size = 3725788, upload-time = "2026-09-09T23:55:39.04Z" },
    { url = "https://files.pythonhosted.org/packages/0f/f4/e3a789de34c9ac25d20b25c2be583da16394a2ba0926da1c863653831f41/psycopg2_binary-2.9.13-cp314-cp314-macosx_11_0_arm64.whl", hash = "sha256:4c0214c7da18a28d108aa7108c8a3cca8035c7911ec97ef9ec0827569c9a2720", size = 3818111, upload-time = "2026-09-09T23:55:40.979Z" },
    { url = "https://files.pythonhosted.org/packages/72/29/647724c43ac510dbc59b80e20e85d439deb94f5d5a024153c32330fa041d/psycopg2_binary-2.9.13-cp314-cp314-manylinux2014_ppc64le.manylinux_2_17_ppc64le.whl", hash = "sha256:5d89e064bb12b40cad696cf4975e6da86f8c60f14cd06cb6c1bc0a7f5d01761f", size = 4586235, upload-time = "2026-09-09T23:55:43.012Z" },
    { url = "https://files.pythonhosted.org/packages/91/ad/7f52f92cc65c23778daff7eec4ee2099236694a0a4723a5f180d0708b607/psycopg2_binary-2.9.13-cp314-cp314-manylinux2014_x86_64.manylinux_2_17_x86_64.whl", hash = "sha256:190c18b97d9ef72f2e88c451b6588af90d6bd7bf54cb94b963280dc86a2c7076", size = 4282424, upload-time = "2026-09-09T23:55:44.843Z" },
    { url = "https://files.pythonhosted.org/packages/3d/2a/1a472059b198942d99651656e2bc610575584478bfe68d297ecabbd4887f/psycopg2_binary-2.9.13-cp314-cp314-manylinux_2_27_aarch64.manylinux_2_28_aarch64.whl", hash = "sha256:c00ebe9a2f31151aade0db233dc1446513a95e92c39ce055ee097af0ae86be1c", size = 5902365, upload-time = "2026-09-09T23:55:46.619Z" },
    { url = "https://files.pythonhosted.org/packages/91/1a/171ea5dac7b3a0fa57b3cb59c2ad6d7b8bc60732368fecfd2ed1f1288392/psycopg2_binary-2.9.13-cp314-cp314-manylinux_2_38_riscv64.manylinux_2_39_riscv64.whl", hash = "sha256:5085f7ff7b1e890f279577cedeb8c628957869a340fa34a39f7f406500b3c916", size = 4119938, upload-time = "2026-09-09T23:55:49.381Z" },
    { url = "https://files.pythonhosted.org/packages/41/ce/3c6d4ad71853a59eee6a575fe36df4bb40752a9735a27bd62af66b454ed5/psycopg2_binary-2.9.13-cp314-cp314-musllinux_1_2_aarch64.whl", hash = "sha256:4e55357d1943673d491bbabb171c891704fc6a22441fea539e05a5c27a79ea3c", size = 3661557, upload-time = "2026-09-09T23:55:51.269Z" },
    { url = "https://files.pythonhosted.org/packages/10/a3/1819a01bf951eab2afb5ca2a3d11f50500bf536fecff088154372a8d1985/psycopg2_binary-2.9.13-cp314-cp314-musllinux_1_2_ppc64le.whl", hash = "sha256:3e60b06ec7f9dc3e5f1106d12706514b6d6b92c3dc438fcdf4e43e65cc660d1b", size = 3307770, upload-time = "2026-09-09T23:55:53.196Z" },
    { url = "https://files.pythonhosted.org/packages/4e/df/22f4aec952cd5b2dd02f438399583ed69f7d04b90e7c31659d9571bbe188/psycopg2_binary-2.9.13-cp314-cp314-musllinux_1_2_riscv64.whl", hash = "sha256:dde942b46ce20f6c4464cdf551f3293207f803f4e4354454eb1f5599c3eb1fa1", size = 3052935, upload-time = "2026-09-09T23:55:55.117Z" },
    { url = "https://files.pythonhosted.org/packages/95/42/aab651bc22bafa961806ca3b21027bb0739a2730b0e6f7f0778baeb95e67/psycopg2_binary-2.9.13-cp314-cp314-musllinux_1_2_x86_64.whl", hash = "sha256:215777c62ce81c3b487cefdb6a41969944eb982309f91349ff3ca0323d6f17ed", size = 3355387, upload-time = "2026-09-09T23:55:57.366Z" },
    { url = "https://files.pythonhosted.org/packages/bc/af/3b8220633eaf955e95ea7be67d76e81a0d1cd3c76362ea504b91ffa079db/psycopg2_binary-2.9.13-cp314-cp314-win_amd64.whl", hash = "sha256:f3088eb80f58ed933c62d87128741d31e786edc862e23266d3c286763d646de0", size = 2863890, upload-time = "2026-09-09T23:55:59.056Z" },
    { url = "https://files.pythonhosted.org/packages/6e/f1/377d17fc8425220d17552691cd2b97aa232da92173f5dead71278b83f8ab/psycopg2_binary-2.9.13-cp315-cp315-macosx_10_15_x86_64.whl", hash = "sha256:38397def2d794ffde9db80f63d6820253e61b17483112652a318355f51a56f50", size = 3725913, upload-time = "2026-09-09T23:56:00.736Z" },
    { url = "https://files.pythonhosted.org/packages/67/64/27208e67cd6e663f69bf7bf905cf69db066a015c90ac9ca948a56a8e9d78/psycopg2_binary-2.9.13-cp315-cp315-macosx_11_0_arm64.whl", hash = "sha256:dff5c70ed9789ccb0d97ff4a7da51dc523a255c4ec95df188fa5d44adcae4ea8", size = 3818303, upload-time = "2026-09-09T23:56:02.551Z" },
    { url = "https://files.pythonhosted.org/packages/6b/98/67d2f34a1d18367b5f655bdd101759f8474286c74ffe701b7d6e3abd7fda/psycopg2_binary-2.9.13-cp315-cp315-manylinux2014_ppc64le.manylinux_2_17_ppc64le.whl", hash = "sha256:08d3b81a6a91775c937abf97d4c58fc9142e8e35fb91c387d24f81d15c98e6cf", size = 4586508, upload-time = "2026-09-09T23:56:04.706Z" },
    { url = "https://files.pythonhosted.org/packages/bb/47/46c227deaf322dceafa0b7b321b4e5de9cc797014b7a353349b2e09b1118/psycopg2_binary-2.9.13-cp315-cp315-manylinux2014_x86_64.manylinux_2_17_x86_64.whl", hash = "sha256:541a487a9ccd72b5e38f37f27b0ce78cb7eb3e336e7b5277d45463010c03a7a8", size = 4282383, upload-time = "2026-09-09T23:56:06.678Z" },
    { url = "https://files.pythonhosted.org/packages/f4/3c/e8705ffa381160d842eaf06a8446e8416f1a2497dd70a7e62277f3be6e7a/psycopg2_binary-2.9.13-cp315-cp315-manylinux_2_27_aarch64.manylinux_2_28_aarch64.whl", hash = "sha256:562fe2a43b30e781848dce63d9080c15414c777c96df348c4342558338cc7bf3", size = 5902765, upload-time = "2026-09-09T23:56:08.634Z" },
    { url = "https://files.pythonhosted.org/packages/53/cc/359821c18317228b8032456a3740c98045b719ed003a594b9ebac9330b86/psycopg2_binary-2.9.13-cp315-cp315-manylinux_2_38_riscv64.manylinux_2_39_riscv64.whl", hash = "sha256:dddfe650e7dda464d676c27fbedb5061f1ad05e1604627f54c770d7f799d36e9", size = 4122849, upload-time = "2026-09-09T23:56:10.671Z" },
    { url = "https://files.pythonhosted.org/packages/17/e5/4d935acb6d3258c7a767b3d527e54c0b537649101b55002a5dbcfe747e2a/psycopg2_binary-2.9.13-cp315-cp315-musllinux_1_2_aarch64.whl", hash = "sha256:4ff0f575cbb14f30445858dcfdd751e043486f5290915df78a9818bc74042eff", size = 3662084, upload-time = "2026-09-09T23:56:12.316Z" },
    { url = "https://files.pythonhosted.org/packages/89/56/9e9bbc7c773c5de7bb25dd35d7f041c2a6f0fcfa9207a1ceaf01a1bc687c/psycopg2_binary-2.9.13-cp315-cp315-musllinux_1_2_ppc64le.whl", hash = "sha256:d79530b4c1af657d5620a1d21b8e39f2996aa06821d5564d05b22d6b8cd413d0", size = 3308077, upload-time = "2026-09-09T23:56:15.262Z" },
    { url = "https://files.pythonhosted.org/packages/36/fa/ed742cd4e5dbddcb44702f9c4a97f7f5b62d97e3d9d00907ecc8ac750ef4/psycopg2_binary-2.9.13-cp315-cp315-musllinux_1_2_riscv64.whl", hash = "sha256:6ede8595767e19d30a7e8a84a7d47bfde6176d45d194fed08dbb68d1584a780b", size = 3055143, upload-time = "2026-09-09T23:56:17.168Z" },
    { url = "https://files.pythonhosted.org/packages/d5/3a/5c2cb71a844ee236be2ce91b286d797e34a21489909357c7cfba0f5c0197/psycopg2_binary-2.9.13-cp315-cp315-musllinux_1_2_x86_64.whl", hash = "sha256:0ebcf3c4266a695df9d0ef51296155f60c86ac51cf82f0d0dd2e827255a891c5", size = 3355374, upload-time = "2026-09-09T23:56:18.793Z" },
    { url = "https://files.pythonhosted.org/packages/e8/30/3991c9fdcca90a5a1e55435292f4d74d176da2be15f3998f6858da3658cc/psycopg2_binary-2.9.13-cp315-cp315-win_amd64.whl", hash = "sha256:1752b9821f1377404d65ac43af03d59a1eccc57fb2c1eb8305f9a3fe8eb7a8ba", size = 2867246, upload-time = "2026-09-09T23:56:20.501Z" },
]

[[package]]
name = "python-dotenv"
version = "1.2.2"
source = { registry = "https://pypi.org/simple" }
sdist = { url = "https://files.pythonhosted.org/packages/82/ed/0301aeeac3e5353ef3d94b6ec08bbcabd04a72018415dcb29e588514bba8/python_dotenv-1.2.2.tar.gz", hash = "sha256:2c371a91fbd7ba082c2c1dc1f8bf89ca22564a087c2c287cd9b662adde799cf3", size = 50135, upload-time = "2026-03-01T16:00:26.196Z" }
wheels = [
    { url = "https://files.pythonhosted.org/packages/0b/d7/1959b9648791274998a9c3526f6d0ec8fd2233e4d4acce81bbae76b44b2a/python_dotenv-1.2.2-py3-none-any.whl", hash = "sha256:1d8214789a24de455a8b8bd8ae6fe3c6b69a5e3d64aa8a8e5d68e694bbcb285a", size = 22101, upload-time = "2026-03-01T16:00:25.09Z" },
]

[[package]]
name = "ruff"
version = "0.16.6"
source = { registry = "https://pypi.org/simple" }
sdist = { url = "https://files.pythonhosted.org/packages/a4/7c/6adb35d70e7c027e308274557901c7e00fb3407750faf3620c184ae058cb/ruff-0.16.6.tar.gz", hash = "sha256:dcf8a73d2ff77e99dde91244b4da16feba7f14e6beeb4015dee7c5a909e99050", size = 4921251, upload-time = "2026-09-03T16:57:29.037Z" }
wheels = [
    { url = "https://files.pythonhosted.org/packages/a4/28/9cc1b79639e284ec103f43c88c644db4eb58cbd0ea1ca11f1193435369ac/ruff-0.16.6-py3-none-linux_armv6l.whl", hash = "sha256:61c368c26bf8e973e5ab14a2772de587bc068ea3f9a277f673380749b4898fb8", size = 10015638, upload-time = "2026-09-03T16:56:40.986Z" },
    { url = "https://files.pythonhosted.org/packages/71/11/627d342ef727ea7794edf74fe23d60a074b02c3acc2e9436684e782286ca/ruff-0.16.6-py3-none-macosx_10_12_x86_64.whl", hash = "sha256:ecf4f068e2e123e43a26e9db4e19524cc56563912404e83bbfca375757e45a32", size = 10220762, upload-time = "2026-09-03T16:56:44.681Z" },
    { url = "https://files.pythonhosted.org/packages/43/d9/b75668ce41e4c8d073d18d6d08672ba6906ce45d5c06ea4fdb2e84ce3853/ruff-0.16.6-py3-none-macosx_11_0_arm64.whl", hash = "sha256:99b62ea33baf130f50368798d841f0d95527b6d817bf31817b65dd058f1d314c", size = 9835082, upload-time = "2026-09-03T16:56:47.142Z" },
    { url = "https://files.pythonhosted.org/packages/99/97/123ab10b05cde889c107c20f5a9774955104b5552796a2a8584b089ae8eb/ruff-0.16.6-py3-none-manylinux_2_17_aarch64.manylinux2014_aarch64.whl", hash = "sha256:7fbf89013f2bb3f6835a6038ff658dc8a1b38c98dc8e724b964168ad4e881876", size = 9949304, upload-time = "2026-09-03T16:56:49.813Z" },
    { url = "https://files.pythonhosted.org/packages/3e/58/a4a2c59dd2e5b85929c912d9cac3056eb9ee8c7e75e9b9fe3e109174966b/ruff-0.16.6-py3-none-manylinux_2_17_armv7l.manylinux2014_armv7l.whl", hash = "sha256:56a67065e22efa6bc4d498299d3bb06c0c90aace8fac2068b5a12f9dc4d8d51d", size = 9840612, upload-time = "2026-09-03T16:56:52.368Z" },
    { url = "https://files.pythonhosted.org/packages/61/6a/ff8c8626a786c4f49d48ced4a752dadbca65f5263005f9c2416578194694/ruff-0.16.6-py3-none-manylinux_2_17_i686.manylinux2014_i686.whl", hash = "sha256:e25cc89174874b176a157e4428d66761c2c0c006654419bf384f967f361ff1b1", size = 10543465, upload-time = "2026-09-03T16:56:55.089Z" },
    { url = "https://files.pythonhosted.org/packages/ad/bb/c47535923365f337b82e28192e4e9eef2176511007cfd99a62fc22df5dad/ruff-0.16.6-py3-none-manylinux_2_17_ppc64le.manylinux2014_ppc64le.whl", hash = "sha256:0700580ed5303723cb3c11c2f1d2a8913ce77b7ea86646dddb887f5417a9ba70", size = 11267576, upload-time = "2026-09-03T16:56:57.791Z" },
    { url = "https://files.pythonhosted.org/packages/ba/50/e5119a5212b5cd63b51e1f4b25e7bd636a6668fc069a3160b108ad7e3c16/ruff-0.16.6-py3-none-manylinux_2_17_s390x.manylinux2014_s390x.whl", hash = "sha256:15f1d0b6e165a6e56567befb6629f8209271311d990bae0f37e6d065035ef5f3", size = 10781993, upload-time = "2026-09-03T16:57:00.666Z" },
    { url = "https://files.pythonhosted.org/packages/8b/98/083d8b4ef3c51a0d19db84367791cbe9f44e4b53343d19dfa83556e1cd9a/ruff-0.16.6-py3-none-manylinux_2_17_x86_64.manylinux2014_x86_64.whl", hash = "sha256:d72c591a96986ee4268860e2b7235082129ca5e4cb9cbba653a4b57c11893757", size = 10317748, upload-time = "2026-09-03T16:57:03.428Z" },
    { url = "https://files.pythonhosted.org/packages/9a/29/68f7ff2c5ad95f19f00627ac2de95644e25fe47371ea60b2db1fd952315e/ruff-0.16.6-py3-none-manylinux_2_31_riscv64.whl", hash = "sha256:65a006baa18f33324325814c864daef03541d51564b98c517610ea756ab7003e", size = 10540096, upload-time = "2026-09-03T16:57:06.182Z" },
    { url = "https://files.pythonhosted.org/packages/c4/f9/79a8f6de85968641d68a7863aeec577551924ef066a990a48ff93167beab/ruff-0.16.6-py3-none-musllinux_1_2_aarch64.whl", hash = "sha256:cd02a7bf1a21a8735228a3e8c95a9dc5cf86bd2a52194f4aaae2a5755b4de0f4", size = 10100494, upload-time = "2026-09-03T16:57:09.194Z" },
    { url = "https://files.pythonhosted.org/packages/d9/e8/b81a22d9b90c00b892ccf2fa2ac36fa95de4c13ab85aea3e73795cfe4651/ruff-0.16.6-py3-none-musllinux_1_2_armv7l.whl", hash = "sha256:31b36f1e5ad85e0737f09d2be4e512e2e283583c14015da3b9dc07359ac0fc88", size = 9843663, upload-time = "2026-09-03T16:57:12.168Z" },
    { url = "https://files.pythonhosted.org/packages/39/aa/54f516ec5e5a11c4afdceb1c454ebb054ffb96e4f4a1705580b4346abd35/ruff-0.16.6-py3-none-musllinux_1_2_i686.whl", hash = "sha256:61029b4ab4aa723fd3064fab96b1d814492596bf0c792679fffcbde1e1679953", size = 10282461, upload-time = "2026-09-03T16:57:15.077Z" },
    { url = "https://files.pythonhosted.org/packages/52/0b/38d0aa8aa32372b96dc44f97b22e576c4147808271aab7b2cb1e353d4445/ruff-0.16.6-py3-none-musllinux_1_2_x86_64.whl", hash = "sha256:9ac8998457832c2061709d900856b7ad271dace0cb41f346588d540162bfa718", size = 10728808, upload-time = "2026-09-03T16:57:17.797Z" },
    { url = "https://files.pythonhosted.org/packages/5e/e5/9e274e24eeb027640ffc7442f21239f16d17f47acec15ae34f32e03a5c79/ruff-0.16.6-py3-none-win32.whl", hash = "sha256:0b87d9d16fcb63e8018423ca1d50b7260f15cb2da33e30db4baad4183a948c25", size = 10049212, upload-time = "2026-09-03T16:57:20.55Z" },
    { url = "https://files.pythonhosted.org/packages/22/31/72472449414223ed1a2da236b992adbb1a2ae59e34794574810f60ce068e/ruff-0.16.6-py3-none-win_amd64.whl", hash = "sha256:10d21c51c3495d8eaea7b703a16592117ea6eb1d649e36335aa965ff1173eb39", size = 10556402, upload-time = "2026-09-03T16:57:23.501Z" },
    { url = "https://files.pythonhosted.org/packages/fc/07/d781f8f8e1ac24bef9f3269cf62ffb1407ca24c3a8f12e5e22874f90528c/ruff-0.16.6-py3-none-win_arm64.whl", hash = "sha256:7a976c79b958f94e50a022a19f0f8c87387448020935ec14fc74331bd0a7f2c5", size = 10412850, upload-time = "2026-09-03T16:57:26.416Z" },
]

[[package]]
name = "sqlparse"
version = "0.6.0"
source = { registry = "https://pypi.org/simple" }
sdist = { url = "https://files.pythonhosted.org/packages/5f/d3/3f06a1006f2261d1342aefb3c71eed02f5d4ca5bdbecd86ebc12ad38306e/sqlparse-0.6.0.tar.gz", hash = "sha256:113c35c75365ab9cc9c7231d68c6428fb11c085fc8e9eb1ad659b7ddbf6cd2b9", size = 178477, upload-time = "2026-08-13T19:16:06.396Z" }
wheels = [
    { url = "https://files.pythonhosted.org/packages/d9/50/f00935da0ec7cbf325f8dc4f772ae46fbc7b672dd62876e73f0a94adda57/sqlparse-0.6.0-py3-none-any.whl", hash = "sha256:b861c0288ce2fa56209a9a6412d2e066ac664b3873b89c26c9d8415e8e32996f", size = 50070, upload-time = "2026-08-13T19:16:04.062Z" },
]

[[package]]
name = "typing-extensions"
version = "4.16.0"
source = { registry = "https://pypi.org/simple" }
sdist = { url = "https://files.pythonhosted.org/packages/f6/cc/6253133b5bb138fc3306cebfbda2c520f545d36b5be2c7255cc528bb45d6/typing_extensions-4.16.0.tar.gz", hash = "sha256:dc983d19a509c94dba722ee6abd33940f7c05a89e243c47e907eb4db6f1a43e5", size = 113555, upload-time = "2026-07-02T08:40:05.92Z" }
wheels = [
    { url = "https://files.pythonhosted.org/packages/49/d3/b8441a820a491ddfc024b0b0cf0393375b75ea13866d9c66727e54c2fc80/typing_extensions-4.16.0-py3-none-any.whl", hash = "sha256:481caa481374e813c1b176ada14e97f1f67a4539ce9cfeb3f350d78d6370c2e8", size = 45571, upload-time = "2026-07-02T08:40:04.659Z" },
]

[[package]]
name = "tzdata"
version = "2025.2"
source = { registry = "https://pypi.org/simple" }
sdist = { url = "https://files.pythonhosted.org/packages/95/32/1a225d6164441be760d75c2c42e2780dc0873fe382da3e98a2e1e48361e5/tzdata-2025.2.tar.gz", hash = "sha256:b60a638fcc0daffadf82fe0f57e53d06bdec2f36c4df66280ae79bce6bd6f2b9", size = 196380, upload-time = "2025-03-23T13:54:43.652Z" }
wheels = [
    { url = "https://files.pythonhosted.org/packages/5c/23/c7abc0ca0a1526a0774eca151daeb8de62ec457e77262b66b359c3c7679e/tzdata-2025.2-py2.py3-none-any.whl", hash = "sha256:1a403fada01ff9221ca8044d701868fa132215d84beb92242d9acd2147f667a8", size = 347839, upload-time = "2025-03-23T13:54:41.845Z" },
]
